// !$*UTF8*$!
{
	archiveVersion = 1;
	classes = {
	};
	objectVersion = 50;
	objects = {

/* Begin PBXBuildFile section */
		193645DB244D057B005A6B17 /* AppDelegate.swift in Sources */ = {isa = PBXBuildFile; fileRef = 193645DA244D057B005A6B17 /* AppDelegate.swift */; };
		193645DD244D057B005A6B17 /* SceneDelegate.swift in Sources */ = {isa = PBXBuildFile; fileRef = 193645DC244D057B005A6B17 /* SceneDelegate.swift */; };
		193645DF244D057B005A6B17 /* ViewController.swift in Sources */ = {isa = PBXBuildFile; fileRef = 193645DE244D057B005A6B17 /* ViewController.swift */; };
		193645E2244D057B005A6B17 /* Main.storyboard in Resources */ = {isa = PBXBuildFile; fileRef = 193645E0244D057B005A6B17 /* Main.storyboard */; };
		193645E4244D057D005A6B17 /* Assets.xcassets in Resources */ = {isa = PBXBuildFile; fileRef = 193645E3244D057D005A6B17 /* Assets.xcassets */; };
		193645E7244D057D005A6B17 /* LaunchScreen.storyboard in Resources */ = {isa = PBXBuildFile; fileRef = 193645E5244D057D005A6B17 /* LaunchScreen.storyboard */; };
		193645F2244D057D005A6B17 /* teste_tableviewTests.swift in Sources */ = {isa = PBXBuildFile; fileRef = 193645F1244D057D005A6B17 /* teste_tableviewTests.swift */; };
		193645FD244D057D005A6B17 /* teste_tableviewUITests.swift in Sources */ = {isa = PBXBuildFile; fileRef = 193645FC244D057D005A6B17 /* teste_tableviewUITests.swift */; };
/* End PBXBuildFile section */

/* Begin PBXContainerItemProxy section */
		193645EE244D057D005A6B17 /* PBXContainerItemProxy */ = {
			isa = PBXContainerItemProxy;
			containerPortal = 193645CF244D057B005A6B17 /* Project object */;
			proxyType = 1;
			remoteGlobalIDString = 193645D6244D057B005A6B17;
			remoteInfo = "teste-tableview";
		};
		193645F9244D057D005A6B17 /* PBXContainerItemProxy */ = {
			isa = PBXContainerItemProxy;
			containerPortal = 193645CF244D057B005A6B17 /* Project object */;
			proxyType = 1;
			remoteGlobalIDString = 193645D6244D057B005A6B17;
			remoteInfo = "teste-tableview";
		};
/* End PBXContainerItemProxy section */

/* Begin PBXFileReference section */
		193645D7244D057B005A6B17 /* teste-tableview.app */ = {isa = PBXFileReference; explicitFileType = wrapper.application; includeInIndex = 0; path = "teste-tableview.app"; sourceTree = BUILT_PRODUCTS_DIR; };
		193645DA244D057B005A6B17 /* AppDelegate.swift */ = {isa = PBXFileReference; lastKnownFileType = sourcecode.swift; path = AppDelegate.swift; sourceTree = "<group>"; };
		193645DC244D057B005A6B17 /* SceneDelegate.swift */ = {isa = PBXFileReference; lastKnownFileType = sourcecode.swift; path = SceneDelegate.swift; sourceTree = "<group>"; };
		193645DE244D057B005A6B17 /* ViewController.swift */ = {isa = PBXFileReference; lastKnownFileType = sourcecode.swift; path = ViewController.swift; sourceTree = "<group>"; };
		193645E1244D057B005A6B17 /* Base */ = {isa = PBXFileReference; lastKnownFileType = file.storyboard; name = Base; path = Base.lproj/Main.storyboard; sourceTree = "<group>"; };
		193645E3244D057D005A6B17 /* Assets.xcassets */ = {isa = PBXFileReference; lastKnownFileType = folder.assetcatalog; path = Assets.xcassets; sourceTree = "<group>"; };
		193645E6244D057D005A6B17 /* Base */ = {isa = PBXFileReference; lastKnownFileType = file.storyboard; name = Base; path = Base.lproj/LaunchScreen.storyboard; sourceTree = "<group>"; };
		193645E8244D057D005A6B17 /* Info.plist */ = {isa = PBXFileReference; lastKnownFileType = text.plist.xml; path = Info.plist; sourceTree = "<group>"; };
		193645ED244D057D005A6B17 /* teste-tableviewTests.xctest */ = {isa = PBXFileReference; explicitFileType = wrapper.cfbundle; includeInIndex = 0; path = "teste-tableviewTests.xctest"; sourceTree = BUILT_PRODUCTS_DIR; };
		193645F1244D057D005A6B17 /* teste_tableviewTests.swift */ = {isa = PBXFileReference; lastKnownFileType = sourcecode.swift; path = teste_tableviewTests.swift; sourceTree = "<group>"; };
		193645F3244D057D005A6B17 /* Info.plist */ = {isa = PBXFileReference; lastKnownFileType = text.plist.xml; path = Info.plist; sourceTree = "<group>"; };
		193645F8244D057D005A6B17 /* teste-tableviewUITests.xctest */ = {isa = PBXFileReference; explicitFileType = wrapper.cfbundle; includeInIndex = 0; path = "teste-tableviewUITests.xctest"; sourceTree = BUILT_PRODUCTS_DIR; };
		193645FC244D057D005A6B17 /* teste_tableviewUITests.swift */ = {isa = PBXFileReference; lastKnownFileType = sourcecode.swift; path = teste_tableviewUITests.swift; sourceTree = "<group>"; };
		193645FE244D057D005A6B17 /* Info.plist */ = {isa = PBXFileReference; lastKnownFileType = text.plist.xml; path = Info.plist; sourceTree = "<group>"; };
/* End PBXFileReference section */

/* Begin PBXFrameworksBuildPhase section */
		193645D4244D057B005A6B17 /* Frameworks */ = {
			isa = PBXFrameworksBuildPhase;
			buildActionMask = 2147483647;
			files = (
			);
			runOnlyForDeploymentPostprocessing = 0;
		};
		193645EA244D057D005A6B17 /* Frameworks */ = {
			isa = PBXFrameworksBuildPhase;
			buildActionMask = 2147483647;
			files = (
			);
			runOnlyForDeploymentPostprocessing = 0;
		};
		193645F5244D057D005A6B17 /* Frameworks */ = {
			isa = PBXFrameworksBuildPhase;
			buildActionMask = 2147483647;
			files = (
			);
			runOnlyForDeploymentPostprocessing = 0;
		};
/* End PBXFrameworksBuildPhase section */

/* Begin PBXGroup section */
		193645CE244D057B005A6B17 = {
			isa = PBXGroup;
			children = (
				193645D9244D057B005A6B17 /* teste-tableview */,
				193645F0244D057D005A6B17 /* teste-tableviewTests */,
				193645FB244D057D005A6B17 /* teste-tableviewUITests */,
				193645D8244D057B005A6B17 /* Products */,
			);
			sourceTree = "<group>";
		};
		193645D8244D057B005A6B17 /* Products */ = {
			isa = PBXGroup;
			children = (
				193645D7244D057B005A6B17 /* teste-tableview.app */,
				193645ED244D057D005A6B17 /* teste-tableviewTests.xctest */,
				193645F8244D057D005A6B17 /* teste-tableviewUITests.xctest */,
			);
			name = Products;
			sourceTree = "<group>";
		};
		193645D9244D057B005A6B17 /* teste-tableview */ = {
			isa = PBXGroup;
			children = (
				193645DA244D057B005A6B17 /* AppDelegate.swift */,
				193645DC244D057B005A6B17 /* SceneDelegate.swift */,
				193645DE244D057B005A6B17 /* ViewController.swift */,
				193645E0244D057B005A6B17 /* Main.storyboard */,
				193645E3244D057D005A6B17 /* Assets.xcassets */,
				193645E5244D057D005A6B17 /* LaunchScreen.storyboard */,
				193645E8244D057D005A6B17 /* Info.plist */,
			);
			path = "teste-tableview";
			sourceTree = "<group>";
		};
		193645F0244D057D005A6B17 /* teste-tableviewTests */ = {
			isa = PBXGroup;
			children = (
				193645F1244D057D005A6B17 /* teste_tableviewTests.swift */,
				193645F3244D057D005A6B17 /* Info.plist */,
			);
			path = "teste-tableviewTests";
			sourceTree = "<group>";
		};
		193645FB244D057D005A6B17 /* teste-tableviewUITests */ = {
			isa = PBXGroup;
			children = (
				193645FC244D057D005A6B17 /* teste_tableviewUITests.swift */,
				193645FE244D057D005A6B17 /* Info.plist */,
			);
			path = "teste-tableviewUITests";
			sourceTree = "<group>";
		};
/* End PBXGroup section */

/* Begin PBXNativeTarget section */
		193645D6244D057B005A6B17 /* teste-tableview */ = {
			isa = PBXNativeTarget;
			buildConfigurationList = 19364601244D057D005A6B17 /* Build configuration list for PBXNativeTarget "teste-tableview" */;
			buildPhases = (
				193645D3244D057B005A6B17 /* Sources */,
				193645D4244D057B005A6B17 /* Frameworks */,
				193645D5244D057B005A6B17 /* Resources */,
			);
			buildRules = (
			);
			dependencies = (
			);
			name = "teste-tableview";
			productName = "teste-tableview";
			productReference = 193645D7244D057B005A6B17 /* teste-tableview.app */;
			productType = "com.apple.product-type.application";
		};
		193645EC244D057D005A6B17 /* teste-tableviewTests */ = {
			isa = PBXNativeTarget;
			buildConfigurationList = 19364604244D057D005A6B17 /* Build configuration list for PBXNativeTarget "teste-tableviewTests" */;
			buildPhases = (
				193645E9244D057D005A6B17 /* Sources */,
				193645EA244D057D005A6B17 /* Frameworks */,
				193645EB244D057D005A6B17 /* Resources */,
			);
			buildRules = (
			);
			dependencies = (
				193645EF244D057D005A6B17 /* PBXTargetDependency */,
			);
			name = "teste-tableviewTests";
			productName = "teste-tableviewTests";
			productReference = 193645ED244D057D005A6B17 /* teste-tableviewTests.xctest */;
			productType = "com.apple.product-type.bundle.unit-test";
		};
		193645F7244D057D005A6B17 /* teste-tableviewUITests */ = {
			isa = PBXNativeTarget;
			buildConfigurationList = 19364607244D057D005A6B17 /* Build configuration list for PBXNativeTarget "teste-tableviewUITests" */;
			buildPhases = (
				193645F4244D057D005A6B17 /* Sources */,
				193645F5244D057D005A6B17 /* Frameworks */,
				193645F6244D057D005A6B17 /* Resources */,
			);
			buildRules = (
			);
			dependencies = (
				193645FA244D057D005A6B17 /* PBXTargetDependency */,
			);
			name = "teste-tableviewUITests";
			productName = "teste-tableviewUITests";
			productReference = 193645F8244D057D005A6B17 /* teste-tableviewUITests.xctest */;
			productType = "com.apple.product-type.bundle.ui-testing";
		};
/* End PBXNativeTarget section */

/* Begin PBXProject section */
		193645CF244D057B005A6B17 /* Project object */ = {
			isa = PBXProject;
			attributes = {
				LastSwiftUpdateCheck = 1130;
				LastUpgradeCheck = 1130;
				ORGANIZATIONNAME = "Antonio Alves";
				TargetAttributes = {
					193645D6244D057B005A6B17 = {
						CreatedOnToolsVersion = 11.3.1;
					};
					193645EC244D057D005A6B17 = {
						CreatedOnToolsVersion = 11.3.1;
						TestTargetID = 193645D6244D057B005A6B17;
					};
					193645F7244D057D005A6B17 = {
						CreatedOnToolsVersion = 11.3.1;
						TestTargetID = 193645D6244D057B005A6B17;
					};
				};
			};
			buildConfigurationList = 193645D2244D057B005A6B17 /* Build configuration list for PBXProject "teste-tableview" */;
			compatibilityVersion = "Xcode 9.3";
			developmentRegion = en;
			hasScannedForEncodings = 0;
			knownRegions = (
				en,
				Base,
			);
			mainGroup = 193645CE244D057B005A6B17;
			productRefGroup = 193645D8244D057B005A6B17 /* Products */;
			projectDirPath = "";
			projectRoot = "";
			targets = (
				193645D6244D057B005A6B17 /* teste-tableview */,
				193645EC244D057D005A6B17 /* teste-tableviewTests */,
				193645F7244D057D005A6B17 /* teste-tableviewUITests */,
			);
		};
/* End PBXProject section */

/* Begin PBXResourcesBuildPhase section */
		193645D5244D057B005A6B17 /* Resources */ = {
			isa = PBXResourcesBuildPhase;
			buildActionMask = 2147483647;
			files = (
				193645E7244D057D005A6B17 /* LaunchScreen.storyboard in Resources */,
				193645E4244D057D005A6B17 /* Assets.xcassets in Resources */,
				193645E2244D057B005A6B17 /* Main.storyboard in Resources */,
			);
			runOnlyForDeploymentPostprocessing = 0;
		};
		193645EB244D057D005A6B17 /* Resources */ = {
			isa = PBXResourcesBuildPhase;
			buildActionMask = 2147483647;
			files = (
			);
			runOnlyForDeploymentPostprocessing = 0;
		};
		193645F6244D057D005A6B17 /* Resources */ = {
			isa = PBXResourcesBuildPhase;
			buildActionMask = 2147483647;
			files = (
			);
			runOnlyForDeploymentPostprocessing = 0;
		};
/* End PBXResourcesBuildPhase section */

/* Begin PBXSourcesBuildPhase section */
		193645D3244D057B005A6B17 /* Sources */ = {
			isa = PBXSourcesBuildPhase;
			buildActionMask = 2147483647;
			files = (
				193645DF244D057B005A6B17 /* ViewController.swift in Sources */,
				193645DB244D057B005A6B17 /* AppDelegate.swift in Sources */,
				193645DD244D057B005A6B17 /* SceneDelegate.swift in Sources */,
			);
			runOnlyForDeploymentPostprocessing = 0;
		};
		193645E9244D057D005A6B17 /* Sources */ = {
			isa = PBXSourcesBuildPhase;
			buildActionMask = 2147483647;
			files = (
				193645F2244D057D005A6B17 /* teste_tableviewTests.swift in Sources */,
			);
			runOnlyForDeploymentPostprocessing = 0;
		};
		193645F4244D057D005A6B17 /* Sources */ = {
			isa = PBXSourcesBuildPhase;
			buildActionMask = 2147483647;
			files = (
				193645FD244D057D005A6B17 /* teste_tableviewUITests.swift in Sources */,
			);
			runOnlyForDeploymentPostprocessing = 0;
		};
/* End PBXSourcesBuildPhase section */

/* Begin PBXTargetDependency section */
		193645EF244D057D005A6B17 /* PBXTargetDependency */ = {
			isa = PBXTargetDependency;
			target = 193645D6244D057B005A6B17 /* teste-tableview */;
			targetProxy = 193645EE244D057D005A6B17 /* PBXContainerItemProxy */;
		};
		193645FA244D057D005A6B17 /* PBXTargetDependency */ = {
			isa = PBXTargetDependency;
			target = 193645D6244D057B005A6B17 /* teste-tableview */;
			targetProxy = 193645F9244D057D005A6B17 /* PBXContainerItemProxy */;
		};
/* End PBXTargetDependency section */

/* Begin PBXVariantGroup section */
		193645E0244D057B005A6B17 /* Main.storyboard */ = {
			isa = PBXVariantGroup;
			children = (
				193645E1244D057B005A6B17 /* Base */,
			);
			name = Main.storyboard;
			sourceTree = "<group>";
		};
		193645E5244D057D005A6B17 /* LaunchScreen.storyboard */ = {
			isa = PBXVariantGroup;
			children = (
				193645E6244D057D005A6B17 /* Base */,
			);
			name = LaunchScreen.storyboard;
			sourceTree = "<group>";
		};
/* End PBXVariantGroup section */

/* Begin XCBuildConfiguration section */
		193645FF244D057D005A6B17 /* Debug */ = {
			isa = XCBuildConfiguration;
			buildSettings = {
				ALWAYS_SEARCH_USER_PATHS = NO;
				CLANG_ANALYZER_NONNULL = YES;
				CLANG_ANALYZER_NUMBER_OBJECT_CONVERSION = YES_AGGRESSIVE;
				CLANG_CXX_LANGUAGE_STANDARD = "gnu++14";
				CLANG_CXX_LIBRARY = "libc++";
				CLANG_ENABLE_MODULES = YES;
				CLANG_ENABLE_OBJC_ARC = YES;
				CLANG_ENABLE_OBJC_WEAK = YES;
				CLANG_WARN_BLOCK_CAPTURE_AUTORELEASING = YES;
				CLANG_WARN_BOOL_CONVERSION = YES;
				CLANG_WARN_COMMA = YES;
				CLANG_WARN_CONSTANT_CONVERSION = YES;
				CLANG_WARN_DEPRECATED_OBJC_IMPLEMENTATIONS = YES;
				CLANG_WARN_DIRECT_OBJC_ISA_USAGE = YES_ERROR;
				CLANG_WARN_DOCUMENTATION_COMMENTS = YES;
				CLANG_WARN_EMPTY_BODY = YES;
				CLANG_WARN_ENUM_CONVERSION = YES;
				CLANG_WARN_INFINITE_RECURSION = YES;
				CLANG_WARN_INT_CONVERSION = YES;
				CLANG_WARN_NON_LITERAL_NULL_CONVERSION = YES;
				CLANG_WARN_OBJC_IMPLICIT_RETAIN_SELF = YES;
				CLANG_WARN_OBJC_LITERAL_CONVERSION = YES;
				CLANG_WARN_OBJC_ROOT_CLASS = YES_ERROR;
				CLANG_WARN_RANGE_LOOP_ANALYSIS = YES;
				CLANG_WARN_STRICT_PROTOTYPES = YES;
				CLANG_WARN_SUSPICIOUS_MOVE = YES;
				CLANG_WARN_UNGUARDED_AVAILABILITY = YES_AGGRESSIVE;
				CLANG_WARN_UNREACHABLE_CODE = YES;
				CLANG_WARN__DUPLICATE_METHOD_MATCH = YES;
				COPY_PHASE_STRIP = NO;
				DEBUG_INFORMATION_FORMAT = dwarf;
				ENABLE_STRICT_OBJC_MSGSEND = YES;
				ENABLE_TESTABILITY = YES;
				GCC_C_LANGUAGE_STANDARD = gnu11;
				GCC_DYNAMIC_NO_PIC = NO;
				GCC_NO_COMMON_BLOCKS = YES;
				GCC_OPTIMIZATION_LEVEL = 0;
				GCC_PREPROCESSOR_DEFINITIONS = (
					"DEBUG=1",
					"$(inherited)",
				);
				GCC_WARN_64_TO_32_BIT_CONVERSION = YES;
				GCC_WARN_ABOUT_RETURN_TYPE = YES_ERROR;
				GCC_WARN_UNDECLARED_SELECTOR = YES;
				GCC_WARN_UNINITIALIZED_AUTOS = YES_AGGRESSIVE;
				GCC_WARN_UNUSED_FUNCTION = YES;
				GCC_WARN_UNUSED_VARIABLE = YES;
				IPHONEOS_DEPLOYMENT_TARGET = 13.2;
				MTL_ENABLE_DEBUG_INFO = INCLUDE_SOURCE;
				MTL_FAST_MATH = YES;
				ONLY_ACTIVE_ARCH = YES;
				SDKROOT = iphoneos;
				SWIFT_ACTIVE_COMPILATION_CONDITIONS = DEBUG;
				SWIFT_OPTIMIZATION_LEVEL = "-Onone";
			};
			name = Debug;
		};
		19364600244D057D005A6B17 /* Release */ = {
			isa = XCBuildConfiguration;
			buildSettings = {
				ALWAYS_SEARCH_USER_PATHS = NO;
				CLANG_ANALYZER_NONNULL = YES;
				CLANG_ANALYZER_NUMBER_OBJECT_CONVERSION = YES_AGGRESSIVE;
				CLANG_CXX_LANGUAGE_STANDARD = "gnu++14";
				CLANG_CXX_LIBRARY = "libc++";
				CLANG_ENABLE_MODULES = YES;
				CLANG_ENABLE_OBJC_ARC = YES;
				CLANG_ENABLE_OBJC_WEAK = YES;
				CLANG_WARN_BLOCK_CAPTURE_AUTORELEASING = YES;
				CLANG_WARN_BOOL_CONVERSION = YES;
				CLANG_WARN_COMMA = YES;
				CLANG_WARN_CONSTANT_CONVERSION = YES;
				CLANG_WARN_DEPRECATED_OBJC_IMPLEMENTATIONS = YES;
				CLANG_WARN_DIRECT_OBJC_ISA_USAGE = YES_ERROR;
				CLANG_WARN_DOCUMENTATION_COMMENTS = YES;
				CLANG_WARN_EMPTY_BODY = YES;
				CLANG_WARN_ENUM_CONVERSION = YES;
				CLANG_WARN_INFINITE_RECURSION = YES;
				CLANG_WARN_INT_CONVERSION = YES;
				CLANG_WARN_NON_LITERAL_NULL_CONVERSION = YES;
				CLANG_WARN_OBJC_IMPLICIT_RETAIN_SELF = YES;
				CLANG_WARN_OBJC_LITERAL_CONVERSION = YES;
				CLANG_WARN_OBJC_ROOT_CLASS = YES_ERROR;
				CLANG_WARN_RANGE_LOOP_ANALYSIS = YES;
				CLANG_WARN_STRICT_PROTOTYPES = YES;
				CLANG_WARN_SUSPICIOUS_MOVE = YES;
				CLANG_WARN_UNGUARDED_AVAILABILITY = YES_AGGRESSIVE;
				CLANG_WARN_UNREACHABLE_CODE = YES;
				CLANG_WARN__DUPLICATE_METHOD_MATCH = YES;
				COPY_PHASE_STRIP = NO;
				DEBUG_INFORMATION_FORMAT = "dwarf-with-dsym";
				ENABLE_NS_ASSERTIONS = NO;
				ENABLE_STRICT_OBJC_MSGSEND = YES;
				GCC_C_LANGUAGE_STANDARD = gnu11;
				GCC_NO_COMMON_BLOCKS = YES;
				GCC_WARN_64_TO_32_BIT_CONVERSION = YES;
				GCC_WARN_ABOUT_RETURN_TYPE = YES_ERROR;
				GCC_WARN_UNDECLARED_SELECTOR = YES;
				GCC_WARN_UNINITIALIZED_AUTOS = YES_AGGRESSIVE;
				GCC_WARN_UNUSED_FUNCTION = YES;
				GCC_WARN_UNUSED_VARIABLE = YES;
				IPHONEOS_DEPLOYMENT_TARGET = 13.2;
				MTL_ENABLE_DEBUG_INFO = NO;
				MTL_FAST_MATH = YES;
				SDKROOT = iphoneos;
				SWIFT_COMPILATION_MODE = wholemodule;
				SWIFT_OPTIMIZATION_LEVEL = "-O";
				VALIDATE_PRODUCT = YES;
			};
			name = Release;
		};
		19364602244D057D005A6B17 /* Debug */ = {
			isa = XCBuildConfiguration;
			buildSettings = {
				ASSETCATALOG_COMPILER_APPICON_NAME = AppIcon;
				CODE_SIGN_STYLE = Automatic;
				DEVELOPMENT_TEAM = PDJYHM96J6;
				INFOPLIST_FILE = "teste-tableview/Info.plist";
				LD_RUNPATH_SEARCH_PATHS = (
					"$(inherited)",
					"@executable_path/Frameworks",
				);
				PRODUCT_BUNDLE_IDENTIFIER = "br.com.teste-tableview";
				PRODUCT_NAME = "$(TARGET_NAME)";
				SWIFT_VERSION = 5.0;
				TARGETED_DEVICE_FAMILY = "1,2";
			};
			name = Debug;
		};
		19364603244D057D005A6B17 /* Release */ = {
			isa = XCBuildConfiguration;
			buildSettings = {
				ASSETCATALOG_COMPILER_APPICON_NAME = AppIcon;
				CODE_SIGN_STYLE = Automatic;
				DEVELOPMENT_TEAM = PDJYHM96J6;
				INFOPLIST_FILE = "teste-tableview/Info.plist";
				LD_RUNPATH_SEARCH_PATHS = (
					"$(inherited)",
					"@executable_path/Frameworks",
				);
				PRODUCT_BUNDLE_IDENTIFIER = "br.com.teste-tableview";
				PRODUCT_NAME = "$(TARGET_NAME)";
				SWIFT_VERSION = 5.0;
				TARGETED_DEVICE_FAMILY = "1,2";
			};
			name = Release;
		};
		19364605244D057D005A6B17 /* Debug */ = {
			isa = XCBuildConfiguration;
			buildSettings = {
				ALWAYS_EMBED_SWIFT_STANDARD_LIBRARIES = YES;
				BUNDLE_LOADER = "$(TEST_HOST)";
				CODE_SIGN_STYLE = Automatic;
				DEVELOPMENT_TEAM = PDJYHM96J6;
				INFOPLIST_FILE = "teste-tableviewTests/Info.plist";
				IPHONEOS_DEPLOYMENT_TARGET = 13.2;
				LD_RUNPATH_SEARCH_PATHS = (
					"$(inherited)",
					"@executable_path/Frameworks",
					"@loader_path/Frameworks",
				);
				PRODUCT_BUNDLE_IDENTIFIER = "br.com.teste-tableviewTests";
				PRODUCT_NAME = "$(TARGET_NAME)";
				SWIFT_VERSION = 5.0;
				TARGETED_DEVICE_FAMILY = "1,2";
				TEST_HOST = "$(BUILT_PRODUCTS_DIR)/teste-tableview.app/teste-tableview";
			};
			name = Debug;
		};
		19364606244D057D005A6B17 /* Release */ = {
			isa = XCBuildConfiguration;
			buildSettings = {
				ALWAYS_EMBED_SWIFT_STANDARD_LIBRARIES = YES;
				BUNDLE_LOADER = "$(TEST_HOST)";
				CODE_SIGN_STYLE = Automatic;
				DEVELOPMENT_TEAM = PDJYHM96J6;
				INFOPLIST_FILE = "teste-tableviewTests/Info.plist";
				IPHONEOS_DEPLOYMENT_TARGET = 13.2;
				LD_RUNPATH_SEARCH_PATHS = (
					"$(inherited)",
					"@executable_path/Frameworks",
					"@loader_path/Frameworks",
				);
				PRODUCT_BUNDLE_IDENTIFIER = "br.com.teste-tableviewTests";
				PRODUCT_NAME = "$(TARGET_NAME)";
				SWIFT_VERSION = 5.0;
				TARGETED_DEVICE_FAMILY = "1,2";
				TEST_HOST = "$(BUILT_PRODUCTS_DIR)/teste-tableview.app/teste-tableview";
			};
			name = Release;
		};
		19364608244D057D005A6B17 /* Debug */ = {
			isa = XCBuildConfiguration;
			buildSettings = {
				ALWAYS_EMBED_SWIFT_STANDARD_LIBRARIES = YES;
				CODE_SIGN_STYLE = Automatic;
				DEVELOPMENT_TEAM = PDJYHM96J6;
				INFOPLIST_FILE = "teste-tableviewUITests/Info.plist";
				LD_RUNPATH_SEARCH_PATHS = (
					"$(inherited)",
					"@executable_path/Frameworks",
					"@loader_path/Frameworks",
				);
				PRODUCT_BUNDLE_IDENTIFIER = "br.com.teste-tableviewUITests";
				PRODUCT_NAME = "$(TARGET_NAME)";
				SWIFT_VERSION = 5.0;
				TARGETED_DEVICE_FAMILY = "1,2";
				TEST_TARGET_NAME = "teste-tableview";
			};
			name = Debug;
		};
		19364609244D057D005A6B17 /* Release */ = {
			isa = XCBuildConfiguration;
			buildSettings = {
				ALWAYS_EMBED_SWIFT_STANDARD_LIBRARIES = YES;
				CODE_SIGN_STYLE = Automatic;
				DEVELOPMENT_TEAM = PDJYHM96J6;
				INFOPLIST_FILE = "teste-tableviewUITests/Info.plist";
				LD_RUNPATH_SEARCH_PATHS = (
					"$(inherited)",
					"@executable_path/Frameworks",
					"@loader_path/Frameworks",
				);
				PRODUCT_BUNDLE_IDENTIFIER = "br.com.teste-tableviewUITests";
				PRODUCT_NAME = "$(TARGET_NAME)";
				SWIFT_VERSION = 5.0;
				TARGETED_DEVICE_FAMILY = "1,2";
				TEST_TARGET_NAME = "teste-tableview";
			};
			name = Release;
		};
/* End XCBuildConfiguration section */

/* Begin XCConfigurationList section */
		193645D2244D057B005A6B17 /* Build configuration list for PBXProject "teste-tableview" */ = {
			isa = XCConfigurationList;
			buildConfigurations = (
				193645FF244D057D005A6B17 /* Debug */,
				19364600244D057D005A6B17 /* Release */,
			);
			defaultConfigurationIsVisible = 0;
			defaultConfigurationName = Release;
		};
		19364601244D057D005A6B17 /* Build configuration list for PBXNativeTarget "teste-tableview" */ = {
			isa = XCConfigurationList;
			buildConfigurations = (
				19364602244D057D005A6B17 /* Debug */,
				19364603244D057D005A6B17 /* Release */,
			);
			defaultConfigurationIsVisible = 0;
			defaultConfigurationName = Release;
		};
		19364604244D057D005A6B17 /* Build configuration list for PBXNativeTarget "teste-tableviewTests" */ = {
			isa = XCConfigurationList;
			buildConfigurations = (
				19364605244D057D005A6B17 /* Debug */,
				19364606244D057D005A6B17 /* Release */,
			);
			defaultConfigurationIsVisible = 0;
			defaultConfigurationName = Release;
		};
		19364607244D057D005A6B17 /* Build configuration list for PBXNativeTarget "teste-tableviewUITests" */ = {
			isa = XCConfigurationList;
			buildConfigurations = (
				19364608244D057D005A6B17 /* Debug */,
				19364609244D057D005A6B17 /* Release */,
			);
			defaultConfigurationIsVisible = 0;
			defaultConfigurationName = Release;
		};
/* End XCConfigurationList section */
	};
	rootObject = 193645CF244D057B005A6B17 /* Project object */;
}
